// !$*UTF8*$!
{
	archiveVersion = 1;
	classes = {
	};
	objectVersion = 46;
	objects = {

/* Begin PBXBuildFile section */
		113155CE1DDAB3CB0091A034 /* Schoolnet5HN.ttf in Resources */ = {isa = PBXBuildFile; fileRef = 113155CD1DDAB3CB0091A034 /* Schoolnet5HN.ttf */; };
		115E269B1DD3070F00A4D3E5 /* AppDelegate.swift in Sources */ = {isa = PBXBuildFile; fileRef = 115E269A1DD3070F00A4D3E5 /* AppDelegate.swift */; };
		115E269D1DD3070F00A4D3E5 /* ViewController.swift in Sources */ = {isa = PBXBuildFile; fileRef = 115E269C1DD3070F00A4D3E5 /* ViewController.swift */; };
		115E26A01DD3070F00A4D3E5 /* Main.storyboard in Resources */ = {isa = PBXBuildFile; fileRef = 115E269E1DD3070F00A4D3E5 /* Main.storyboard */; };
		115E26A31DD3070F00A4D3E5 /* viet_chu.xcdatamodeld in Sources */ = {isa = PBXBuildFile; fileRef = 115E26A11DD3070F00A4D3E5 /* viet_chu.xcdatamodeld */; };
		115E26A51DD3070F00A4D3E5 /* Assets.xcassets in Resources */ = {isa = PBXBuildFile; fileRef = 115E26A41DD3070F00A4D3E5 /* Assets.xcassets */; };
		115E26A81DD3070F00A4D3E5 /* LaunchScreen.storyboard in Resources */ = {isa = PBXBuildFile; fileRef = 115E26A61DD3070F00A4D3E5 /* LaunchScreen.storyboard */; };
		11A247271DD31BAF006104F2 /* SVGPath.swift in Sources */ = {isa = PBXBuildFile; fileRef = 11A247261DD31BAF006104F2 /* SVGPath.swift */; };
		11DB8DC01DDD685F00F29A51 /* MainMenuVC.swift in Sources */ = {isa = PBXBuildFile; fileRef = 11DB8DBF1DDD685F00F29A51 /* MainMenuVC.swift */; };
		11E3463C1DDC35A700CE66AA /* PENMP.TTF in Resources */ = {isa = PBXBuildFile; fileRef = 11E3463B1DDC35A700CE66AA /* PENMP.TTF */; };
		11F07A8D1DDDB98B00D931D1 /* EnumStorage.swift in Sources */ = {isa = PBXBuildFile; fileRef = 11F07A8C1DDDB98B00D931D1 /* EnumStorage.swift */; };
		11F07A8F1DDDBBD800D931D1 /* bell.wav in Resources */ = {isa = PBXBuildFile; fileRef = 11F07A8E1DDDBBD800D931D1 /* bell.wav */; };
		11F61BA91DDF199800B49A14 /* close.wav in Resources */ = {isa = PBXBuildFile; fileRef = 11F61BA81DDF199800B49A14 /* close.wav */; };
		772749DAF6711990FB4DDE37 /* Pods_viet_chu.framework in Frameworks */ = {isa = PBXBuildFile; fileRef = F03BB0285292D92EEC488380 /* Pods_viet_chu.framework */; };
		84298F861DD9700600145796 /* MenuViewController.swift in Sources */ = {isa = PBXBuildFile; fileRef = 84298F851DD9700600145796 /* MenuViewController.swift */; };
		84298F881DD9A4B100145796 /* DrawView.swift in Sources */ = {isa = PBXBuildFile; fileRef = 84298F871DD9A4B100145796 /* DrawView.swift */; };
		84298F8D1DD9A4D100145796 /* Alphabet.swift in Sources */ = {isa = PBXBuildFile; fileRef = 84298F891DD9A4D100145796 /* Alphabet.swift */; };
		84298F8E1DD9A4D100145796 /* AlphabetUtils.swift in Sources */ = {isa = PBXBuildFile; fileRef = 84298F8A1DD9A4D100145796 /* AlphabetUtils.swift */; };
		84298F8F1DD9A4D100145796 /* Extension.swift in Sources */ = {isa = PBXBuildFile; fileRef = 84298F8B1DD9A4D100145796 /* Extension.swift */; };
		84298F901DD9A4D100145796 /* Line.swift in Sources */ = {isa = PBXBuildFile; fileRef = 84298F8C1DD9A4D100145796 /* Line.swift */; };
/* End PBXBuildFile section */

/* Begin PBXFileReference section */
		113155CD1DDAB3CB0091A034 /* Schoolnet5HN.ttf */ = {isa = PBXFileReference; lastKnownFileType = file; path = Schoolnet5HN.ttf; sourceTree = "<group>"; };
		115E26971DD3070F00A4D3E5 /* viet_chu.app */ = {isa = PBXFileReference; explicitFileType = wrapper.application; includeInIndex = 0; path = viet_chu.app; sourceTree = BUILT_PRODUCTS_DIR; };
		115E269A1DD3070F00A4D3E5 /* AppDelegate.swift */ = {isa = PBXFileReference; lastKnownFileType = sourcecode.swift; path = AppDelegate.swift; sourceTree = "<group>"; };
		115E269C1DD3070F00A4D3E5 /* ViewController.swift */ = {isa = PBXFileReference; lastKnownFileType = sourcecode.swift; path = ViewController.swift; sourceTree = "<group>"; };
		115E269F1DD3070F00A4D3E5 /* Base */ = {isa = PBXFileReference; lastKnownFileType = file.storyboard; name = Base; path = Base.lproj/Main.storyboard; sourceTree = "<group>"; };
		115E26A21DD3070F00A4D3E5 /* viet_chu.xcdatamodel */ = {isa = PBXFileReference; lastKnownFileType = wrapper.xcdatamodel; path = viet_chu.xcdatamodel; sourceTree = "<group>"; };
		115E26A41DD3070F00A4D3E5 /* Assets.xcassets */ = {isa = PBXFileReference; lastKnownFileType = folder.assetcatalog; path = Assets.xcassets; sourceTree = "<group>"; };
		115E26A71DD3070F00A4D3E5 /* Base */ = {isa = PBXFileReference; lastKnownFileType = file.storyboard; name = Base; path = Base.lproj/LaunchScreen.storyboard; sourceTree = "<group>"; };
		115E26A91DD3070F00A4D3E5 /* Info.plist */ = {isa = PBXFileReference; lastKnownFileType = text.plist.xml; path = Info.plist; sourceTree = "<group>"; };
		11A247251DD31BAF006104F2 /* SVGPath.h */ = {isa = PBXFileReference; fileEncoding = 4; lastKnownFileType = sourcecode.c.h; path = SVGPath.h; sourceTree = "<group>"; };
		11A247261DD31BAF006104F2 /* SVGPath.swift */ = {isa = PBXFileReference; fileEncoding = 4; lastKnownFileType = sourcecode.swift; path = SVGPath.swift; sourceTree = "<group>"; };
		11D131871E4B0A4F00F362C2 /* viet_chu.entitlements */ = {isa = PBXFileReference; lastKnownFileType = text.plist.entitlements; path = viet_chu.entitlements; sourceTree = "<group>"; };
		11DB8DBF1DDD685F00F29A51 /* MainMenuVC.swift */ = {isa = PBXFileReference; fileEncoding = 4; lastKnownFileType = sourcecode.swift; path = MainMenuVC.swift; sourceTree = "<group>"; };
		11E3463B1DDC35A700CE66AA /* PENMP.TTF */ = {isa = PBXFileReference; lastKnownFileType = file; path = PENMP.TTF; sourceTree = "<group>"; };
		11F07A8C1DDDB98B00D931D1 /* EnumStorage.swift */ = {isa = PBXFileReference; fileEncoding = 4; lastKnownFileType = sourcecode.swift; path = EnumStorage.swift; sourceTree = "<group>"; };
		11F07A8E1DDDBBD800D931D1 /* bell.wav */ = {isa = PBXFileReference; lastKnownFileType = audio.wav; path = bell.wav; sourceTree = "<group>"; };
		11F61BA81DDF199800B49A14 /* close.wav */ = {isa = PBXFileReference; lastKnownFileType = audio.wav; path = close.wav; sourceTree = "<group>"; };
		7F69E22EA66D70D88B96CD40 /* Pods-viet_chu.debug.xcconfig */ = {isa = PBXFileReference; includeInIndex = 1; lastKnownFileType = text.xcconfig; name = "Pods-viet_chu.debug.xcconfig"; path = "Pods/Target Support Files/Pods-viet_chu/Pods-viet_chu.debug.xcconfig"; sourceTree = "<group>"; };
		84298F851DD9700600145796 /* MenuViewController.swift */ = {isa = PBXFileReference; fileEncoding = 4; lastKnownFileType = sourcecode.swift; path = MenuViewController.swift; sourceTree = "<group>"; };
		84298F871DD9A4B100145796 /* DrawView.swift */ = {isa = PBXFileReference; fileEncoding = 4; lastKnownFileType = sourcecode.swift; path = DrawView.swift; sourceTree = "<group>"; };
		84298F891DD9A4D100145796 /* Alphabet.swift */ = {isa = PBXFileReference; fileEncoding = 4; lastKnownFileType = sourcecode.swift; path = Alphabet.swift; sourceTree = "<group>"; };
		84298F8A1DD9A4D100145796 /* AlphabetUtils.swift */ = {isa = PBXFileReference; fileEncoding = 4; lastKnownFileType = sourcecode.swift; path = AlphabetUtils.swift; sourceTree = "<group>"; };
		84298F8B1DD9A4D100145796 /* Extension.swift */ = {isa = PBXFileReference; fileEncoding = 4; lastKnownFileType = sourcecode.swift; path = Extension.swift; sourceTree = "<group>"; };
		84298F8C1DD9A4D100145796 /* Line.swift */ = {isa = PBXFileReference; fileEncoding = 4; lastKnownFileType = sourcecode.swift; path = Line.swift; sourceTree = "<group>"; };
		A0AF1BEC93049820333F6D25 /* Pods-viet_chu.release.xcconfig */ = {isa = PBXFileReference; includeInIndex = 1; lastKnownFileType = text.xcconfig; name = "Pods-viet_chu.release.xcconfig"; path = "Pods/Target Support Files/Pods-viet_chu/Pods-viet_chu.release.xcconfig"; sourceTree = "<group>"; };
		F03BB0285292D92EEC488380 /* Pods_viet_chu.framework */ = {isa = PBXFileReference; explicitFileType = wrapper.framework; includeInIndex = 0; path = Pods_viet_chu.framework; sourceTree = BUILT_PRODUCTS_DIR; };
/* End PBXFileReference section */

/* Begin PBXFrameworksBuildPhase section */
		115E26941DD3070F00A4D3E5 /* Frameworks */ = {
			isa = PBXFrameworksBuildPhase;
			buildActionMask = 2147483647;
			files = (
				772749DAF6711990FB4DDE37 /* Pods_viet_chu.framework in Frameworks */,
			);
			runOnlyForDeploymentPostprocessing = 0;
		};
/* End PBXFrameworksBuildPhase section */

/* Begin PBXGroup section */
		115E268E1DD3070F00A4D3E5 = {
			isa = PBXGroup;
			children = (
				115E26991DD3070F00A4D3E5 /* viet_chu */,
				115E26981DD3070F00A4D3E5 /* Products */,
				CB2F8AF4CDC8F5E9892AEF12 /* Pods */,
				D0B1248278BE251F9D2906CE /* Frameworks */,
			);
			sourceTree = "<group>";
		};
		115E26981DD3070F00A4D3E5 /* Products */ = {
			isa = PBXGroup;
			children = (
				115E26971DD3070F00A4D3E5 /* viet_chu.app */,
			);
			name = Products;
			sourceTree = "<group>";
		};
		115E26991DD3070F00A4D3E5 /* viet_chu */ = {
			isa = PBXGroup;
			children = (
				11D131871E4B0A4F00F362C2 /* viet_chu.entitlements */,
				113155CD1DDAB3CB0091A034 /* Schoolnet5HN.ttf */,
				115E269A1DD3070F00A4D3E5 /* AppDelegate.swift */,
				115E269C1DD3070F00A4D3E5 /* ViewController.swift */,
				11E3463B1DDC35A700CE66AA /* PENMP.TTF */,
				11A247251DD31BAF006104F2 /* SVGPath.h */,
				11A247261DD31BAF006104F2 /* SVGPath.swift */,
				11F07A8E1DDDBBD800D931D1 /* bell.wav */,
				11F61BA81DDF199800B49A14 /* close.wav */,
				115E269E1DD3070F00A4D3E5 /* Main.storyboard */,
				115E26A41DD3070F00A4D3E5 /* Assets.xcassets */,
				115E26A61DD3070F00A4D3E5 /* LaunchScreen.storyboard */,
				115E26A91DD3070F00A4D3E5 /* Info.plist */,
				115E26A11DD3070F00A4D3E5 /* viet_chu.xcdatamodeld */,
				84298F851DD9700600145796 /* MenuViewController.swift */,
				84298F891DD9A4D100145796 /* Alphabet.swift */,
				84298F8A1DD9A4D100145796 /* AlphabetUtils.swift */,
				84298F8B1DD9A4D100145796 /* Extension.swift */,
				84298F8C1DD9A4D100145796 /* Line.swift */,
				84298F871DD9A4B100145796 /* DrawView.swift */,
				11DB8DBF1DDD685F00F29A51 /* MainMenuVC.swift */,
				11F07A8C1DDDB98B00D931D1 /* EnumStorage.swift */,
			);
			path = viet_chu;
			sourceTree = "<group>";
		};
		CB2F8AF4CDC8F5E9892AEF12 /* Pods */ = {
			isa = PBXGroup;
			children = (
				7F69E22EA66D70D88B96CD40 /* Pods-viet_chu.debug.xcconfig */,
				A0AF1BEC93049820333F6D25 /* Pods-viet_chu.release.xcconfig */,
			);
			name = Pods;
			sourceTree = "<group>";
		};
		D0B1248278BE251F9D2906CE /* Frameworks */ = {
			isa = PBXGroup;
			children = (
				F03BB0285292D92EEC488380 /* Pods_viet_chu.framework */,
			);
			name = Frameworks;
			sourceTree = "<group>";
		};
/* End PBXGroup section */

/* Begin PBXNativeTarget section */
		115E26961DD3070F00A4D3E5 /* viet_chu */ = {
			isa = PBXNativeTarget;
			buildConfigurationList = 115E26AC1DD3070F00A4D3E5 /* Build configuration list for PBXNativeTarget "viet_chu" */;
			buildPhases = (
				4FBA627A4E7F21A417FC6932 /* [CP] Check Pods Manifest.lock */,
				115E26931DD3070F00A4D3E5 /* Sources */,
				115E26941DD3070F00A4D3E5 /* Frameworks */,
				115E26951DD3070F00A4D3E5 /* Resources */,
				95DB3430B7A376E6FB7A2D3B /* [CP] Embed Pods Frameworks */,
				EC3506BFE773E403178828EB /* [CP] Copy Pods Resources */,
			);
			buildRules = (
			);
			dependencies = (
			);
			name = viet_chu;
			productName = viet_chu;
			productReference = 115E26971DD3070F00A4D3E5 /* viet_chu.app */;
			productType = "com.apple.product-type.application";
		};
/* End PBXNativeTarget section */

/* Begin PBXProject section */
		115E268F1DD3070F00A4D3E5 /* Project object */ = {
			isa = PBXProject;
			attributes = {
				LastSwiftUpdateCheck = 0800;
				LastUpgradeCheck = 0820;
				ORGANIZATIONNAME = efode;
				TargetAttributes = {
					115E26961DD3070F00A4D3E5 = {
						CreatedOnToolsVersion = 8.0;
						DevelopmentTeam = 227XM64776;
						ProvisioningStyle = Automatic;
						SystemCapabilities = {
							com.apple.Push = {
								enabled = 1;
							};
						};
					};
				};
			};
			buildConfigurationList = 115E26921DD3070F00A4D3E5 /* Build configuration list for PBXProject "viet_chu" */;
			compatibilityVersion = "Xcode 3.2";
			developmentRegion = English;
			hasScannedForEncodings = 0;
			knownRegions = (
				en,
				Base,
			);
			mainGroup = 115E268E1DD3070F00A4D3E5;
			productRefGroup = 115E26981DD3070F00A4D3E5 /* Products */;
			projectDirPath = "";
			projectRoot = "";
			targets = (
				115E26961DD3070F00A4D3E5 /* viet_chu */,
			);
		};
/* End PBXProject section */

/* Begin PBXResourcesBuildPhase section */
		115E26951DD3070F00A4D3E5 /* Resources */ = {
			isa = PBXResourcesBuildPhase;
			buildActionMask = 2147483647;
			files = (
				115E26A81DD3070F00A4D3E5 /* LaunchScreen.storyboard in Resources */,
				115E26A51DD3070F00A4D3E5 /* Assets.xcassets in Resources */,
				11F61BA91DDF199800B49A14 /* close.wav in Resources */,
				115E26A01DD3070F00A4D3E5 /* Main.storyboard in Resources */,
				11F07A8F1DDDBBD800D931D1 /* bell.wav in Resources */,
				11E3463C1DDC35A700CE66AA /* PENMP.TTF in Resources */,
				113155CE1DDAB3CB0091A034 /* Schoolnet5HN.ttf in Resources */,
			);
			runOnlyForDeploymentPostprocessing = 0;
		};
/* End PBXResourcesBuildPhase section */

/* Begin PBXShellScriptBuildPhase section */
		4FBA627A4E7F21A417FC6932 /* [CP] Check Pods Manifest.lock */ = {
			isa = PBXShellScriptBuildPhase;
			buildActionMask = 2147483647;
			files = (
			);
			inputPaths = (
			);
			name = "[CP] Check Pods Manifest.lock";
			outputPaths = (
			);
			runOnlyForDeploymentPostprocessing = 0;
			shellPath = /bin/sh;
			shellScript = "diff \"${PODS_ROOT}/../Podfile.lock\" \"${PODS_ROOT}/Manifest.lock\" > /dev/null\nif [ $? != 0 ] ; then\n    # print error to STDERR\n    echo \"error: The sandbox is not in sync with the Podfile.lock. Run 'pod install' or update your CocoaPods installation.\" >&2\n    exit 1\nfi\n";
			showEnvVarsInLog = 0;
		};
		95DB3430B7A376E6FB7A2D3B /* [CP] Embed Pods Frameworks */ = {
			isa = PBXShellScriptBuildPhase;
			buildActionMask = 2147483647;
			files = (
			);
			inputPaths = (
			);
			name = "[CP] Embed Pods Frameworks";
			outputPaths = (
			);
			runOnlyForDeploymentPostprocessing = 0;
			shellPath = /bin/sh;
			shellScript = "\"${SRCROOT}/Pods/Target Support Files/Pods-viet_chu/Pods-viet_chu-frameworks.sh\"\n";
			showEnvVarsInLog = 0;
		};
		EC3506BFE773E403178828EB /* [CP] Copy Pods Resources */ = {
			isa = PBXShellScriptBuildPhase;
			buildActionMask = 2147483647;
			files = (
			);
			inputPaths = (
			);
			name = "[CP] Copy Pods Resources";
			outputPaths = (
			);
			runOnlyForDeploymentPostprocessing = 0;
			shellPath = /bin/sh;
			shellScript = "\"${SRCROOT}/Pods/Target Support Files/Pods-viet_chu/Pods-viet_chu-resources.sh\"\n";
			showEnvVarsInLog = 0;
		};
/* End PBXShellScriptBuildPhase section */

/* Begin PBXSourcesBuildPhase section */
		115E26931DD3070F00A4D3E5 /* Sources */ = {
			isa = PBXSourcesBuildPhase;
			buildActionMask = 2147483647;
			files = (
				84298F8F1DD9A4D100145796 /* Extension.swift in Sources */,
				84298F8E1DD9A4D100145796 /* AlphabetUtils.swift in Sources */,
				115E269D1DD3070F00A4D3E5 /* ViewController.swift in Sources */,
				84298F861DD9700600145796 /* MenuViewController.swift in Sources */,
				84298F881DD9A4B100145796 /* DrawView.swift in Sources */,
				11A247271DD31BAF006104F2 /* SVGPath.swift in Sources */,
				11DB8DC01DDD685F00F29A51 /* MainMenuVC.swift in Sources */,
				84298F8D1DD9A4D100145796 /* Alphabet.swift in Sources */,
				115E26A31DD3070F00A4D3E5 /* viet_chu.xcdatamodeld in Sources */,
				115E269B1DD3070F00A4D3E5 /* AppDelegate.swift in Sources */,
				11F07A8D1DDDB98B00D931D1 /* EnumStorage.swift in Sources */,
				84298F901DD9A4D100145796 /* Line.swift in Sources */,
			);
			runOnlyForDeploymentPostprocessing = 0;
		};
/* End PBXSourcesBuildPhase section */

/* Begin PBXVariantGroup section */
		115E269E1DD3070F00A4D3E5 /* Main.storyboard */ = {
			isa = PBXVariantGroup;
			children = (
				115E269F1DD3070F00A4D3E5 /* Base */,
			);
			name = Main.storyboard;
			sourceTree = "<group>";
		};
		115E26A61DD3070F00A4D3E5 /* LaunchScreen.storyboard */ = {
			isa = PBXVariantGroup;
			children = (
				115E26A71DD3070F00A4D3E5 /* Base */,
			);
			name = LaunchScreen.storyboard;
			sourceTree = "<group>";
		};
/* End PBXVariantGroup section */

/* Begin XCBuildConfiguration section */
		115E26AA1DD3070F00A4D3E5 /* Debug */ = {
			isa = XCBuildConfiguration;
			buildSettings = {
				ALWAYS_SEARCH_USER_PATHS = NO;
				CLANG_ANALYZER_NONNULL = YES;
				CLANG_CXX_LANGUAGE_STANDARD = "gnu++0x";
				CLANG_CXX_LIBRARY = "libc++";
				CLANG_ENABLE_MODULES = YES;
				CLANG_ENABLE_OBJC_ARC = YES;
				CLANG_WARN_BOOL_CONVERSION = YES;
				CLANG_WARN_CONSTANT_CONVERSION = YES;
				CLANG_WARN_DIRECT_OBJC_ISA_USAGE = YES_ERROR;
				CLANG_WARN_DOCUMENTATION_COMMENTS = YES;
				CLANG_WARN_EMPTY_BODY = YES;
				CLANG_WARN_ENUM_CONVERSION = YES;
				CLANG_WARN_INFINITE_RECURSION = YES;
				CLANG_WARN_INT_CONVERSION = YES;
				CLANG_WARN_OBJC_ROOT_CLASS = YES_ERROR;
				CLANG_WARN_SUSPICIOUS_MOVE = YES;
				CLANG_WARN_SUSPICIOUS_MOVES = YES;
				CLANG_WARN_UNREACHABLE_CODE = YES;
				CLANG_WARN__DUPLICATE_METHOD_MATCH = YES;
				"CODE_SIGN_IDENTITY[sdk=iphoneos*]" = "iPhone Developer";
				COPY_PHASE_STRIP = NO;
				DEBUG_INFORMATION_FORMAT = dwarf;
				ENABLE_STRICT_OBJC_MSGSEND = YES;
				ENABLE_TESTABILITY = YES;
				GCC_C_LANGUAGE_STANDARD = gnu99;
				GCC_DYNAMIC_NO_PIC = NO;
				GCC_NO_COMMON_BLOCKS = YES;
				GCC_OPTIMIZATION_LEVEL = 0;
				GCC_PREPROCESSOR_DEFINITIONS = (
					"DEBUG=1",
					"$(inherited)",
				);
				GCC_WARN_64_TO_32_BIT_CONVERSION = YES;
				GCC_WARN_ABOUT_RETURN_TYPE = YES_ERROR;
				GCC_WARN_UNDECLARED_SELECTOR = YES;
				GCC_WARN_UNINITIALIZED_AUTOS = YES_AGGRESSIVE;
				GCC_WARN_UNUSED_FUNCTION = YES;
				GCC_WARN_UNUSED_VARIABLE = YES;
				IPHONEOS_DEPLOYMENT_TARGET = 10.0;
				MTL_ENABLE_DEBUG_INFO = YES;
				ONLY_ACTIVE_ARCH = YES;
				SDKROOT = iphoneos;
				SWIFT_ACTIVE_COMPILATION_CONDITIONS = DEBUG;
				SWIFT_OPTIMIZATION_LEVEL = "-Onone";
				TARGETED_DEVICE_FAMILY = "1,2";
			};
			name = Debug;
		};
		115E26AB1DD3070F00A4D3E5 /* Release */ = {
			isa = XCBuildConfiguration;
			buildSettings = {
				ALWAYS_SEARCH_USER_PATHS = NO;
				CLANG_ANALYZER_NONNULL = YES;
				CLANG_CXX_LANGUAGE_STANDARD = "gnu++0x";
				CLANG_CXX_LIBRARY = "libc++";
				CLANG_ENABLE_MODULES = YES;
				CLANG_ENABLE_OBJC_ARC = YES;
				CLANG_WARN_BOOL_CONVERSION = YES;
				CLANG_WARN_CONSTANT_CONVERSION = YES;
				CLANG_WARN_DIRECT_OBJC_ISA_USAGE = YES_ERROR;
				CLANG_WARN_DOCUMENTATION_COMMENTS = YES;
				CLANG_WARN_EMPTY_BODY = YES;
				CLANG_WARN_ENUM_CONVERSION = YES;
				CLANG_WARN_INFINITE_RECURSION = YES;
				CLANG_WARN_INT_CONVERSION = YES;
				CLANG_WARN_OBJC_ROOT_CLASS = YES_ERROR;
				CLANG_WARN_SUSPICIOUS_MOVE = YES;
				CLANG_WARN_SUSPICIOUS_MOVES = YES;
				CLANG_WARN_UNREACHABLE_CODE = YES;
				CLANG_WARN__DUPLICATE_METHOD_MATCH = YES;
				"CODE_SIGN_IDENTITY[sdk=iphoneos*]" = "iPhone Developer";
				COPY_PHASE_STRIP = NO;
				DEBUG_INFORMATION_FORMAT = "dwarf-with-dsym";
				ENABLE_NS_ASSERTIONS = NO;
				ENABLE_STRICT_OBJC_MSGSEND = YES;
				GCC_C_LANGUAGE_STANDARD = gnu99;
				GCC_NO_COMMON_BLOCKS = YES;
				GCC_WARN_64_TO_32_BIT_CONVERSION = YES;
				GCC_WARN_ABOUT_RETURN_TYPE = YES_ERROR;
				GCC_WARN_UNDECLARED_SELECTOR = YES;
				GCC_WARN_UNINITIALIZED_AUTOS = YES_AGGRESSIVE;
				GCC_WARN_UNUSED_FUNCTION = YES;
				GCC_WARN_UNUSED_VARIABLE = YES;
				IPHONEOS_DEPLOYMENT_TARGET = 10.0;
				MTL_ENABLE_DEBUG_INFO = NO;
				SDKROOT = iphoneos;
				SWIFT_OPTIMIZATION_LEVEL = "-Owholemodule";
				TARGETED_DEVICE_FAMILY = "1,2";
				VALIDATE_PRODUCT = YES;
			};
			name = Release;
		};
		115E26AD1DD3070F00A4D3E5 /* Debug */ = {
			isa = XCBuildConfiguration;
			baseConfigurationReference = 7F69E22EA66D70D88B96CD40 /* Pods-viet_chu.debug.xcconfig */;
			buildSettings = {
				ASSETCATALOG_COMPILER_APPICON_NAME = AppIcon;
				CODE_SIGN_ENTITLEMENTS = viet_chu/viet_chu.entitlements;
				DEVELOPMENT_TEAM = 227XM64776;
				INFOPLIST_FILE = viet_chu/Info.plist;
				LD_RUNPATH_SEARCH_PATHS = "$(inherited) @executable_path/Frameworks";
				PRODUCT_BUNDLE_IDENTIFIER = vn.efode.alphabet;
				PRODUCT_NAME = "$(TARGET_NAME)";
				SWIFT_VERSION = 3.0;
				TARGETED_DEVICE_FAMILY = "1,2";
			};
			name = Debug;
		};
		115E26AE1DD3070F00A4D3E5 /* Release */ = {
			isa = XCBuildConfiguration;
			baseConfigurationReference = A0AF1BEC93049820333F6D25 /* Pods-viet_chu.release.xcconfig */;
			buildSettings = {
				ASSETCATALOG_COMPILER_APPICON_NAME = AppIcon;
				CODE_SIGN_ENTITLEMENTS = viet_chu/viet_chu.entitlements;
				DEVELOPMENT_TEAM = 227XM64776;
				INFOPLIST_FILE = viet_chu/Info.plist;
				LD_RUNPATH_SEARCH_PATHS = "$(inherited) @executable_path/Frameworks";
				PRODUCT_BUNDLE_IDENTIFIER = vn.efode.alphabet;
				PRODUCT_NAME = "$(TARGET_NAME)";
				SWIFT_VERSION = 3.0;
				TARGETED_DEVICE_FAMILY = "1,2";
			};
			name = Release;
		};
/* End XCBuildConfiguration section */

/* Begin XCConfigurationList section */
		115E26921DD3070F00A4D3E5 /* Build configuration list for PBXProject "viet_chu" */ = {
			isa = XCConfigurationList;
			buildConfigurations = (
				115E26AA1DD3070F00A4D3E5 /* Debug */,
				115E26AB1DD3070F00A4D3E5 /* Release */,
			);
			defaultConfigurationIsVisible = 0;
			defaultConfigurationName = Release;
		};
		115E26AC1DD3070F00A4D3E5 /* Build configuration list for PBXNativeTarget "viet_chu" */ = {
			isa = XCConfigurationList;
			buildConfigurations = (
				115E26AD1DD3070F00A4D3E5 /* Debug */,
				115E26AE1DD3070F00A4D3E5 /* Release */,
			);
			defaultConfigurationIsVisible = 0;
			defaultConfigurationName = Release;
		};
/* End XCConfigurationList section */

/* Begin XCVersionGroup section */
		115E26A11DD3070F00A4D3E5 /* viet_chu.xcdatamodeld */ = {
			isa = XCVersionGroup;
			children = (
				115E26A21DD3070F00A4D3E5 /* viet_chu.xcdatamodel */,
			);
			currentVersion = 115E26A21DD3070F00A4D3E5 /* viet_chu.xcdatamodel */;
			path = viet_chu.xcdatamodeld;
			sourceTree = "<group>";
			versionGroupType = wrapper.xcdatamodel;
		};
/* End XCVersionGroup section */
	};
	rootObject = 115E268F1DD3070F00A4D3E5 /* Project object */;
}
